// !$*UTF8*$!
{
	archiveVersion = 1;
	classes = {
	};
	objectVersion = 48;
	objects = {

/* Begin PBXBuildFile section */
		A055CCAA2041114800F10618 /* AppDelegate.swift in Sources */ = {isa = PBXBuildFile; fileRef = A055CCA92041114800F10618 /* AppDelegate.swift */; };
		A055CCAC2041114800F10618 /* ViewController.swift in Sources */ = {isa = PBXBuildFile; fileRef = A055CCAB2041114800F10618 /* ViewController.swift */; };
		A055CCAF2041114800F10618 /* Main.storyboard in Resources */ = {isa = PBXBuildFile; fileRef = A055CCAD2041114800F10618 /* Main.storyboard */; };
		A055CCB22041114800F10618 /* PiMote.xcdatamodeld in Sources */ = {isa = PBXBuildFile; fileRef = A055CCB02041114800F10618 /* PiMote.xcdatamodeld */; };
		A055CCB42041114800F10618 /* Assets.xcassets in Resources */ = {isa = PBXBuildFile; fileRef = A055CCB32041114800F10618 /* Assets.xcassets */; };
		A055CCB72041114800F10618 /* LaunchScreen.storyboard in Resources */ = {isa = PBXBuildFile; fileRef = A055CCB52041114800F10618 /* LaunchScreen.storyboard */; };
		A055CCC22041114800F10618 /* PiMoteTests.swift in Sources */ = {isa = PBXBuildFile; fileRef = A055CCC12041114800F10618 /* PiMoteTests.swift */; };
/* End PBXBuildFile section */

/* Begin PBXContainerItemProxy section */
		A055CCBE2041114800F10618 /* PBXContainerItemProxy */ = {
			isa = PBXContainerItemProxy;
			containerPortal = A055CC9E2041114800F10618 /* Project object */;
			proxyType = 1;
			remoteGlobalIDString = A055CCA52041114800F10618;
			remoteInfo = PiMote;
		};
/* End PBXContainerItemProxy section */

/* Begin PBXFileReference section */
		A055CCA62041114800F10618 /* PiMote.app */ = {isa = PBXFileReference; explicitFileType = wrapper.application; includeInIndex = 0; path = PiMote.app; sourceTree = BUILT_PRODUCTS_DIR; };
		A055CCA92041114800F10618 /* AppDelegate.swift */ = {isa = PBXFileReference; lastKnownFileType = sourcecode.swift; path = AppDelegate.swift; sourceTree = "<group>"; };
		A055CCAB2041114800F10618 /* ViewController.swift */ = {isa = PBXFileReference; lastKnownFileType = sourcecode.swift; path = ViewController.swift; sourceTree = "<group>"; };
		A055CCAE2041114800F10618 /* Base */ = {isa = PBXFileReference; lastKnownFileType = file.storyboard; name = Base; path = Base.lproj/Main.storyboard; sourceTree = "<group>"; };
		A055CCB12041114800F10618 /* PiMote.xcdatamodel */ = {isa = PBXFileReference; lastKnownFileType = wrapper.xcdatamodel; path = PiMote.xcdatamodel; sourceTree = "<group>"; };
		A055CCB32041114800F10618 /* Assets.xcassets */ = {isa = PBXFileReference; lastKnownFileType = folder.assetcatalog; path = Assets.xcassets; sourceTree = "<group>"; };
		A055CCB62041114800F10618 /* Base */ = {isa = PBXFileReference; lastKnownFileType = file.storyboard; name = Base; path = Base.lproj/LaunchScreen.storyboard; sourceTree = "<group>"; };
		A055CCB82041114800F10618 /* Info.plist */ = {isa = PBXFileReference; lastKnownFileType = text.plist.xml; path = Info.plist; sourceTree = "<group>"; };
		A055CCBD2041114800F10618 /* PiMoteTests.xctest */ = {isa = PBXFileReference; explicitFileType = wrapper.cfbundle; includeInIndex = 0; path = PiMoteTests.xctest; sourceTree = BUILT_PRODUCTS_DIR; };
		A055CCC12041114800F10618 /* PiMoteTests.swift */ = {isa = PBXFileReference; lastKnownFileType = sourcecode.swift; path = PiMoteTests.swift; sourceTree = "<group>"; };
		A055CCC32041114800F10618 /* Info.plist */ = {isa = PBXFileReference; lastKnownFileType = text.plist.xml; path = Info.plist; sourceTree = "<group>"; };
/* End PBXFileReference section */

/* Begin PBXFrameworksBuildPhase section */
		A055CCA32041114800F10618 /* Frameworks */ = {
			isa = PBXFrameworksBuildPhase;
			buildActionMask = 2147483647;
			files = (
			);
			runOnlyForDeploymentPostprocessing = 0;
		};
		A055CCBA2041114800F10618 /* Frameworks */ = {
			isa = PBXFrameworksBuildPhase;
			buildActionMask = 2147483647;
			files = (
			);
			runOnlyForDeploymentPostprocessing = 0;
		};
/* End PBXFrameworksBuildPhase section */

/* Begin PBXGroup section */
		A055CC9D2041114800F10618 = {
			isa = PBXGroup;
			children = (
				A055CCA82041114800F10618 /* PiMote */,
				A055CCC02041114800F10618 /* PiMoteTests */,
				A055CCA72041114800F10618 /* Products */,
			);
			sourceTree = "<group>";
		};
		A055CCA72041114800F10618 /* Products */ = {
			isa = PBXGroup;
			children = (
				A055CCA62041114800F10618 /* PiMote.app */,
				A055CCBD2041114800F10618 /* PiMoteTests.xctest */,
			);
			name = Products;
			sourceTree = "<group>";
		};
		A055CCA82041114800F10618 /* PiMote */ = {
			isa = PBXGroup;
			children = (
				A055CCA92041114800F10618 /* AppDelegate.swift */,
				A055CCAB2041114800F10618 /* ViewController.swift */,
				A055CCAD2041114800F10618 /* Main.storyboard */,
				A055CCB32041114800F10618 /* Assets.xcassets */,
				A055CCB52041114800F10618 /* LaunchScreen.storyboard */,
				A055CCB82041114800F10618 /* Info.plist */,
				A055CCB02041114800F10618 /* PiMote.xcdatamodeld */,
			);
			path = PiMote;
			sourceTree = "<group>";
		};
		A055CCC02041114800F10618 /* PiMoteTests */ = {
			isa = PBXGroup;
			children = (
				A055CCC12041114800F10618 /* PiMoteTests.swift */,
				A055CCC32041114800F10618 /* Info.plist */,
			);
			path = PiMoteTests;
			sourceTree = "<group>";
		};
/* End PBXGroup section */

/* Begin PBXNativeTarget section */
		A055CCA52041114800F10618 /* PiMote */ = {
			isa = PBXNativeTarget;
			buildConfigurationList = A055CCC62041114800F10618 /* Build configuration list for PBXNativeTarget "PiMote" */;
			buildPhases = (
				A055CCA22041114800F10618 /* Sources */,
				A055CCA32041114800F10618 /* Frameworks */,
				A055CCA42041114800F10618 /* Resources */,
			);
			buildRules = (
			);
			dependencies = (
			);
			name = PiMote;
			productName = PiMote;
			productReference = A055CCA62041114800F10618 /* PiMote.app */;
			productType = "com.apple.product-type.application";
		};
		A055CCBC2041114800F10618 /* PiMoteTests */ = {
			isa = PBXNativeTarget;
			buildConfigurationList = A055CCC92041114800F10618 /* Build configuration list for PBXNativeTarget "PiMoteTests" */;
			buildPhases = (
				A055CCB92041114800F10618 /* Sources */,
				A055CCBA2041114800F10618 /* Frameworks */,
				A055CCBB2041114800F10618 /* Resources */,
			);
			buildRules = (
			);
			dependencies = (
				A055CCBF2041114800F10618 /* PBXTargetDependency */,
			);
			name = PiMoteTests;
			productName = PiMoteTests;
			productReference = A055CCBD2041114800F10618 /* PiMoteTests.xctest */;
			productType = "com.apple.product-type.bundle.unit-test";
		};
/* End PBXNativeTarget section */

/* Begin PBXProject section */
		A055CC9E2041114800F10618 /* Project object */ = {
			isa = PBXProject;
			attributes = {
				LastSwiftUpdateCheck = 0920;
				LastUpgradeCheck = 0920;
				ORGANIZATIONNAME = "Lucas McDonald";
				TargetAttributes = {
					A055CCA52041114800F10618 = {
						CreatedOnToolsVersion = 9.2;
						ProvisioningStyle = Automatic;
					};
					A055CCBC2041114800F10618 = {
						CreatedOnToolsVersion = 9.2;
						ProvisioningStyle = Automatic;
						TestTargetID = A055CCA52041114800F10618;
					};
				};
			};
			buildConfigurationList = A055CCA12041114800F10618 /* Build configuration list for PBXProject "PiMote" */;
			compatibilityVersion = "Xcode 8.0";
			developmentRegion = en;
			hasScannedForEncodings = 0;
			knownRegions = (
				en,
				Base,
			);
			mainGroup = A055CC9D2041114800F10618;
			productRefGroup = A055CCA72041114800F10618 /* Products */;
			projectDirPath = "";
			projectRoot = "";
			targets = (
				A055CCA52041114800F10618 /* PiMote */,
				A055CCBC2041114800F10618 /* PiMoteTests */,
			);
		};
/* End PBXProject section */

/* Begin PBXResourcesBuildPhase section */
		A055CCA42041114800F10618 /* Resources */ = {
			isa = PBXResourcesBuildPhase;
			buildActionMask = 2147483647;
			files = (
				A055CCB72041114800F10618 /* LaunchScreen.storyboard in Resources */,
				A055CCB42041114800F10618 /* Assets.xcassets in Resources */,
				A055CCAF2041114800F10618 /* Main.storyboard in Resources */,
			);
			runOnlyForDeploymentPostprocessing = 0;
		};
		A055CCBB2041114800F10618 /* Resources */ = {
			isa = PBXResourcesBuildPhase;
			buildActionMask = 2147483647;
			files = (
			);
			runOnlyForDeploymentPostprocessing = 0;
		};
/* End PBXResourcesBuildPhase section */

/* Begin PBXSourcesBuildPhase section */
		A055CCA22041114800F10618 /* Sources */ = {
			isa = PBXSourcesBuildPhase;
			buildActionMask = 2147483647;
			files = (
				A055CCB22041114800F10618 /* PiMote.xcdatamodeld in Sources */,
				A055CCAC2041114800F10618 /* ViewController.swift in Sources */,
				A055CCAA2041114800F10618 /* AppDelegate.swift in Sources */,
			);
			runOnlyForDeploymentPostprocessing = 0;
		};
		A055CCB92041114800F10618 /* Sources */ = {
			isa = PBXSourcesBuildPhase;
			buildActionMask = 2147483647;
			files = (
				A055CCC22041114800F10618 /* PiMoteTests.swift in Sources */,
			);
			runOnlyForDeploymentPostprocessing = 0;
		};
/* End PBXSourcesBuildPhase section */

/* Begin PBXTargetDependency section */
		A055CCBF2041114800F10618 /* PBXTargetDependency */ = {
			isa = PBXTargetDependency;
			target = A055CCA52041114800F10618 /* PiMote */;
			targetProxy = A055CCBE2041114800F10618 /* PBXContainerItemProxy */;
		};
/* End PBXTargetDependency section */

/* Begin PBXVariantGroup section */
		A055CCAD2041114800F10618 /* Main.storyboard */ = {
			isa = PBXVariantGroup;
			children = (
				A055CCAE2041114800F10618 /* Base */,
			);
			name = Main.storyboard;
			sourceTree = "<group>";
		};
		A055CCB52041114800F10618 /* LaunchScreen.storyboard */ = {
			isa = PBXVariantGroup;
			children = (
				A055CCB62041114800F10618 /* Base */,
			);
			name = LaunchScreen.storyboard;
			sourceTree = "<group>";
		};
/* End PBXVariantGroup section */

/* Begin XCBuildConfiguration section */
		A055CCC42041114800F10618 /* Debug */ = {
			isa = XCBuildConfiguration;
			buildSettings = {
				ALWAYS_SEARCH_USER_PATHS = NO;
				CLANG_ANALYZER_NONNULL = YES;
				CLANG_ANALYZER_NUMBER_OBJECT_CONVERSION = YES_AGGRESSIVE;
				CLANG_CXX_LANGUAGE_STANDARD = "gnu++14";
				CLANG_CXX_LIBRARY = "libc++";
				CLANG_ENABLE_MODULES = YES;
				CLANG_ENABLE_OBJC_ARC = YES;
				CLANG_WARN_BLOCK_CAPTURE_AUTORELEASING = YES;
				CLANG_WARN_BOOL_CONVERSION = YES;
				CLANG_WARN_COMMA = YES;
				CLANG_WARN_CONSTANT_CONVERSION = YES;
				CLANG_WARN_DIRECT_OBJC_ISA_USAGE = YES_ERROR;
				CLANG_WARN_DOCUMENTATION_COMMENTS = YES;
				CLANG_WARN_EMPTY_BODY = YES;
				CLANG_WARN_ENUM_CONVERSION = YES;
				CLANG_WARN_INFINITE_RECURSION = YES;
				CLANG_WARN_INT_CONVERSION = YES;
				CLANG_WARN_NON_LITERAL_NULL_CONVERSION = YES;
				CLANG_WARN_OBJC_LITERAL_CONVERSION = YES;
				CLANG_WARN_OBJC_ROOT_CLASS = YES_ERROR;
				CLANG_WARN_RANGE_LOOP_ANALYSIS = YES;
				CLANG_WARN_STRICT_PROTOTYPES = YES;
				CLANG_WARN_SUSPICIOUS_MOVE = YES;
				CLANG_WARN_UNGUARDED_AVAILABILITY = YES_AGGRESSIVE;
				CLANG_WARN_UNREACHABLE_CODE = YES;
				CLANG_WARN__DUPLICATE_METHOD_MATCH = YES;
				CODE_SIGN_IDENTITY = "iPhone Developer";
				COPY_PHASE_STRIP = NO;
				DEBUG_INFORMATION_FORMAT = dwarf;
				ENABLE_STRICT_OBJC_MSGSEND = YES;
				ENABLE_TESTABILITY = YES;
				GCC_C_LANGUAGE_STANDARD = gnu11;
				GCC_DYNAMIC_NO_PIC = NO;
				GCC_NO_COMMON_BLOCKS = YES;
				GCC_OPTIMIZATION_LEVEL = 0;
				GCC_PREPROCESSOR_DEFINITIONS = (
					"DEBUG=1",
					"$(inherited)",
				);
				GCC_WARN_64_TO_32_BIT_CONVERSION = YES;
				GCC_WARN_ABOUT_RETURN_TYPE = YES_ERROR;
				GCC_WARN_UNDECLARED_SELECTOR = YES;
				GCC_WARN_UNINITIALIZED_AUTOS = YES_AGGRESSIVE;
				GCC_WARN_UNUSED_FUNCTION = YES;
				GCC_WARN_UNUSED_VARIABLE = YES;
				IPHONEOS_DEPLOYMENT_TARGET = 11.2;
				MTL_ENABLE_DEBUG_INFO = YES;
				ONLY_ACTIVE_ARCH = YES;
				SDKROOT = iphoneos;
				SWIFT_ACTIVE_COMPILATION_CONDITIONS = DEBUG;
				SWIFT_OPTIMIZATION_LEVEL = "-Onone";
			};
			name = Debug;
		};
		A055CCC52041114800F10618 /* Release */ = {
			isa = XCBuildConfiguration;
			buildSettings = {
				ALWAYS_SEARCH_USER_PATHS = NO;
				CLANG_ANALYZER_NONNULL = YES;
				CLANG_ANALYZER_NUMBER_OBJECT_CONVERSION = YES_AGGRESSIVE;
				CLANG_CXX_LANGUAGE_STANDARD = "gnu++14";
				CLANG_CXX_LIBRARY = "libc++";
				CLANG_ENABLE_MODULES = YES;
				CLANG_ENABLE_OBJC_ARC = YES;
				CLANG_WARN_BLOCK_CAPTURE_AUTORELEASING = YES;
				CLANG_WARN_BOOL_CONVERSION = YES;
				CLANG_WARN_COMMA = YES;
				CLANG_WARN_CONSTANT_CONVERSION = YES;
				CLANG_WARN_DIRECT_OBJC_ISA_USAGE = YES_ERROR;
				CLANG_WARN_DOCUMENTATION_COMMENTS = YES;
				CLANG_WARN_EMPTY_BODY = YES;
				CLANG_WARN_ENUM_CONVERSION = YES;
				CLANG_WARN_INFINITE_RECURSION = YES;
				CLANG_WARN_INT_CONVERSION = YES;
				CLANG_WARN_NON_LITERAL_NULL_CONVERSION = YES;
				CLANG_WARN_OBJC_LITERAL_CONVERSION = YES;
				CLANG_WARN_OBJC_ROOT_CLASS = YES_ERROR;
				CLANG_WARN_RANGE_LOOP_ANALYSIS = YES;
				CLANG_WARN_STRICT_PROTOTYPES = YES;
				CLANG_WARN_SUSPICIOUS_MOVE = YES;
				CLANG_WARN_UNGUARDED_AVAILABILITY = YES_AGGRESSIVE;
				CLANG_WARN_UNREACHABLE_CODE = YES;
				CLANG_WARN__DUPLICATE_METHOD_MATCH = YES;
				CODE_SIGN_IDENTITY = "iPhone Developer";
				COPY_PHASE_STRIP = NO;
				DEBUG_INFORMATION_FORMAT = "dwarf-with-dsym";
				ENABLE_NS_ASSERTIONS = NO;
				ENABLE_STRICT_OBJC_MSGSEND = YES;
				GCC_C_LANGUAGE_STANDARD = gnu11;
				GCC_NO_COMMON_BLOCKS = YES;
				GCC_WARN_64_TO_32_BIT_CONVERSION = YES;
				GCC_WARN_ABOUT_RETURN_TYPE = YES_ERROR;
				GCC_WARN_UNDECLARED_SELECTOR = YES;
				GCC_WARN_UNINITIALIZED_AUTOS = YES_AGGRESSIVE;
				GCC_WARN_UNUSED_FUNCTION = YES;
				GCC_WARN_UNUSED_VARIABLE = YES;
				IPHONEOS_DEPLOYMENT_TARGET = 11.2;
				MTL_ENABLE_DEBUG_INFO = NO;
				SDKROOT = iphoneos;
				SWIFT_OPTIMIZATION_LEVEL = "-Owholemodule";
				VALIDATE_PRODUCT = YES;
			};
			name = Release;
		};
		A055CCC72041114800F10618 /* Debug */ = {
			isa = XCBuildConfiguration;
			buildSettings = {
				ASSETCATALOG_COMPILER_APPICON_NAME = AppIcon;
				CODE_SIGN_STYLE = Automatic;
				DEVELOPMENT_TEAM = 68N33C5D47;
				INFOPLIST_FILE = PiMote/Info.plist;
				LD_RUNPATH_SEARCH_PATHS = "$(inherited) @executable_path/Frameworks";
				PRODUCT_BUNDLE_IDENTIFIER = com.mcdonald.PiMote;
				PRODUCT_NAME = "$(TARGET_NAME)";
				SWIFT_VERSION = 4.0;
				TARGETED_DEVICE_FAMILY = "1,2";
			};
			name = Debug;
		};
		A055CCC82041114800F10618 /* Release */ = {
			isa = XCBuildConfiguration;
			buildSettings = {
				ASSETCATALOG_COMPILER_APPICON_NAME = AppIcon;
				CODE_SIGN_STYLE = Automatic;
				DEVELOPMENT_TEAM = 68N33C5D47;
				INFOPLIST_FILE = PiMote/Info.plist;
				LD_RUNPATH_SEARCH_PATHS = "$(inherited) @executable_path/Frameworks";
				PRODUCT_BUNDLE_IDENTIFIER = com.mcdonald.PiMote;
				PRODUCT_NAME = "$(TARGET_NAME)";
				SWIFT_VERSION = 4.0;
				TARGETED_DEVICE_FAMILY = "1,2";
			};
			name = Release;
		};
		A055CCCA2041114800F10618 /* Debug */ = {
			isa = XCBuildConfiguration;
			buildSettings = {
				ALWAYS_EMBED_SWIFT_STANDARD_LIBRARIES = YES;
				BUNDLE_LOADER = "$(TEST_HOST)";
				CODE_SIGN_STYLE = Automatic;
				DEVELOPMENT_TEAM = 68N33C5D47;
				INFOPLIST_FILE = PiMoteTests/Info.plist;
				LD_RUNPATH_SEARCH_PATHS = "$(inherited) @executable_path/Frameworks @loader_path/Frameworks";
				PRODUCT_BUNDLE_IDENTIFIER = com.mcdonald.PiMoteTests;
				PRODUCT_NAME = "$(TARGET_NAME)";
				SWIFT_VERSION = 4.0;
				TARGETED_DEVICE_FAMILY = "1,2";
				TEST_HOST = "$(BUILT_PRODUCTS_DIR)/PiMote.app/PiMote";
			};
			name = Debug;
		};
		A055CCCB2041114800F10618 /* Release */ = {
			isa = XCBuildConfiguration;
			buildSettings = {
				ALWAYS_EMBED_SWIFT_STANDARD_LIBRARIES = YES;
				BUNDLE_LOADER = "$(TEST_HOST)";
				CODE_SIGN_STYLE = Automatic;
				DEVELOPMENT_TEAM = 68N33C5D47;
				INFOPLIST_FILE = PiMoteTests/Info.plist;
				LD_RUNPATH_SEARCH_PATHS = "$(inherited) @executable_path/Frameworks @loader_path/Frameworks";
				PRODUCT_BUNDLE_IDENTIFIER = com.mcdonald.PiMoteTests;
				PRODUCT_NAME = "$(TARGET_NAME)";
				SWIFT_VERSION = 4.0;
				TARGETED_DEVICE_FAMILY = "1,2";
				TEST_HOST = "$(BUILT_PRODUCTS_DIR)/PiMote.app/PiMote";
			};
			name = Release;
		};
/* End XCBuildConfiguration section */

/* Begin XCConfigurationList section */
		A055CCA12041114800F10618 /* Build configuration list for PBXProject "PiMote" */ = {
			isa = XCConfigurationList;
			buildConfigurations = (
				A055CCC42041114800F10618 /* Debug */,
				A055CCC52041114800F10618 /* Release */,
			);
			defaultConfigurationIsVisible = 0;
			defaultConfigurationName = Release;
		};
		A055CCC62041114800F10618 /* Build configuration list for PBXNativeTarget "PiMote" */ = {
			isa = XCConfigurationList;
			buildConfigurations = (
				A055CCC72041114800F10618 /* Debug */,
				A055CCC82041114800F10618 /* Release */,
			);
			defaultConfigurationIsVisible = 0;
			defaultConfigurationName = Release;
		};
		A055CCC92041114800F10618 /* Build configuration list for PBXNativeTarget "PiMoteTests" */ = {
			isa = XCConfigurationList;
			buildConfigurations = (
				A055CCCA2041114800F10618 /* Debug */,
				A055CCCB2041114800F10618 /* Release */,
			);
			defaultConfigurationIsVisible = 0;
			defaultConfigurationName = Release;
		};
/* End XCConfigurationList section */

/* Begin XCVersionGroup section */
		A055CCB02041114800F10618 /* PiMote.xcdatamodeld */ = {
			isa = XCVersionGroup;
			children = (
				A055CCB12041114800F10618 /* PiMote.xcdatamodel */,
			);
			currentVersion = A055CCB12041114800F10618 /* PiMote.xcdatamodel */;
			path = PiMote.xcdatamodeld;
			sourceTree = "<group>";
			versionGroupType = wrapper.xcdatamodel;
		};
/* End XCVersionGroup section */
	};
	rootObject = A055CC9E2041114800F10618 /* Project object */;
}
